
Microsoft Visual Studio Solution File, Format Version 12.00
# Visual Studio Version 17
VisualStudioVersion = 17.8.34330.188
MinimumVisualStudioVersion = 10.0.40219.1
Project("{FAE04EC0-301F-11D3-BF4B-00C04F79EFBC}") = "TransformationArchives.API", "TransformationArchives.API.csproj", "{D661D538-8CD8-4896-9064-E2BF99BD3BCD}"
EndProject
Project("{FAE04EC0-301F-11D3-BF4B-00C04F79EFBC}") = "TransformationArchives.API.Data", "..\TransformationArchives.API.Data\TransformationArchives.API.Data.csproj", "{135895F2-B08A-4DC2-83EB-F481B658CF17}"
EndProject
Project("{FAE04EC0-301F-11D3-BF4B-00C04F79EFBC}") = "TransformationArchives.API.Service", "..\TransformationArchives.API.Service\TransformationArchives.API.Service.csproj", "{77CA52F0-37D8-4965-BA91-C71961B14975}"
EndProject
Global
	GlobalSection(SolutionConfigurationPlatforms) = preSolution
		Debug|Any CPU = Debug|Any CPU
		Release|Any CPU = Release|Any CPU
	EndGlobalSection
	GlobalSection(ProjectConfigurationPlatforms) = postSolution
		{D661D538-8CD8-4896-9064-E2BF99BD3BCD}.Debug|Any CPU.ActiveCfg = Debug|Any CPU
		{D661D538-8CD8-4896-9064-E2BF99BD3BCD}.Debug|Any CPU.Build.0 = Debug|Any CPU
		{D661D538-8CD8-4896-9064-E2BF99BD3BCD}.Release|Any CPU.ActiveCfg = Release|Any CPU
		{D661D538-8CD8-4896-9064-E2BF99BD3BCD}.Release|Any CPU.Build.0 = Release|Any CPU
		{135895F2-B08A-4DC2-83EB-F481B658CF17}.Debug|Any CPU.ActiveCfg = Debug|Any CPU
		{135895F2-B08A-4DC2-83EB-F481B658CF17}.Debug|Any CPU.Build.0 = Debug|Any CPU
		{135895F2-B08A-4DC2-83EB-F481B658CF17}.Release|Any CPU.ActiveCfg = Release|Any CPU
		{135895F2-B08A-4DC2-83EB-F481B658CF17}.Release|Any CPU.Build.0 = Release|Any CPU
		{77CA52F0-37D8-4965-BA91-C71961B14975}.Debug|Any CPU.ActiveCfg = Debug|Any CPU
		{77CA52F0-37D8-4965-BA91-C71961B14975}.Debug|Any CPU.Build.0 = Debug|Any CPU
		{77CA52F0-37D8-4965-BA91-C71961B14975}.Release|Any CPU.ActiveCfg = Release|Any CPU
		{77CA52F0-37D8-4965-BA91-C71961B14975}.Release|Any CPU.Build.0 = Release|Any CPU
	EndGlobalSection
	GlobalSection(SolutionProperties) = preSolution
		HideSolutionNode = FALSE
	EndGlobalSection
	GlobalSection(ExtensibilityGlobals) = postSolution
		SolutionGuid = {65A4C616-2628-438C-AF6D-8DCE493E9680}
	EndGlobalSection
EndGlobal
